{
  "17037": {
    "app_name": "proxy.solisoft.net",
    "slot": "green",
    "port": 17037,
    "timestamp": "2026-02-10T08:06:30.184680084+00:00"
  },
  "16613": {
    "app_name": "proxy.solisoft.net",
    "slot": "blue",
    "port": 16613,
    "timestamp": "2026-02-10T08:06:30.184575100+00:00"
  },
  "18218": {
    "app_name": "_admin",
    "slot": "green",
    "port": 18218,
    "timestamp": "2026-02-09T19:28:22.457039166+00:00"
  },
  "16599": {
    "app_name": "_admin",
    "slot": "blue",
    "port": 16599,
    "timestamp": "2026-02-09T19:28:22.456758069+00:00"
  }
}